
Microsoft Visual Studio Solution File, Format Version 12.00
# Visual Studio Version 17
VisualStudioVersion = 17.4.33122.133
MinimumVisualStudioVersion = 10.0.40219.1
Project("{FAE04EC0-301F-11D3-BF4B-00C04F79EFBC}") = "ConsoleApp16", "ConsoleApp16.csproj", "{B9500F65-AF0C-434E-AE7E-16AC3C8506EC}"
EndProject
Global
	GlobalSection(SolutionConfigurationPlatforms) = preSolution
		Debug|Any CPU = Debug|Any CPU
		Release|Any CPU = Release|Any CPU
	EndGlobalSection
	GlobalSection(ProjectConfigurationPlatforms) = postSolution
		{B9500F65-AF0C-434E-AE7E-16AC3C8506EC}.Debug|Any CPU.ActiveCfg = Debug|Any CPU
		{B9500F65-AF0C-434E-AE7E-16AC3C8506EC}.Debug|Any CPU.Build.0 = Debug|Any CPU
		{B9500F65-AF0C-434E-AE7E-16AC3C8506EC}.Release|Any CPU.ActiveCfg = Release|Any CPU
		{B9500F65-AF0C-434E-AE7E-16AC3C8506EC}.Release|Any CPU.Build.0 = Release|Any CPU
	EndGlobalSection
	GlobalSection(SolutionProperties) = preSolution
		HideSolutionNode = FALSE
	EndGlobalSection
	GlobalSection(ExtensibilityGlobals) = postSolution
		SolutionGuid = {1BD6D26E-100D-41A0-823C-9F2BC9D8277E}
	EndGlobalSection
EndGlobal
